// !$*UTF8*$!
{
	archiveVersion = 1;
	classes = {
	};
	objectVersion = 46;
	objects = {

/* Begin PBXBuildFile section */
		103A96F41D2BE8CD0032A8BC /* main.m in Sources */ = {isa = PBXBuildFile; fileRef = 103A96F31D2BE8CD0032A8BC /* main.m */; };
		103A96F71D2BE8CD0032A8BC /* AppDelegate.m in Sources */ = {isa = PBXBuildFile; fileRef = 103A96F61D2BE8CD0032A8BC /* AppDelegate.m */; };
		103A96FF1D2BE8CD0032A8BC /* Images.xcassets in Resources */ = {isa = PBXBuildFile; fileRef = 103A96FE1D2BE8CD0032A8BC /* Images.xcassets */; };
		103A97021D2BE8CD0032A8BC /* LaunchScreen.xib in Resources */ = {isa = PBXBuildFile; fileRef = 103A97001D2BE8CD0032A8BC /* LaunchScreen.xib */; };
		103A970E1D2BE8CD0032A8BC /* LoginAndSignUpIOSTests.m in Sources */ = {isa = PBXBuildFile; fileRef = 103A970D1D2BE8CD0032A8BC /* LoginAndSignUpIOSTests.m */; };
		103A971F1D2BEE6C0032A8BC /* LoginVC.m in Sources */ = {isa = PBXBuildFile; fileRef = 103A971E1D2BEE6C0032A8BC /* LoginVC.m */; };
		103A97211D2BF8E30032A8BC /* Main.storyboard in Resources */ = {isa = PBXBuildFile; fileRef = 103A97201D2BF8E30032A8BC /* Main.storyboard */; };
		103A97241D2C0F5E0032A8BC /* ProfileVC.m in Sources */ = {isa = PBXBuildFile; fileRef = 103A97231D2C0F5E0032A8BC /* ProfileVC.m */; };
		103A97271D2C0F6F0032A8BC /* User.m in Sources */ = {isa = PBXBuildFile; fileRef = 103A97261D2C0F6F0032A8BC /* User.m */; };
		103A972A1D2C12B80032A8BC /* CustomRoundButton.m in Sources */ = {isa = PBXBuildFile; fileRef = 103A97291D2C12B80032A8BC /* CustomRoundButton.m */; };
		103A972D1D2C12DB0032A8BC /* CustomerRoundView.m in Sources */ = {isa = PBXBuildFile; fileRef = 103A972C1D2C12DB0032A8BC /* CustomerRoundView.m */; };
		A9EA1655152D0F43113F8B9F /* Pods_LoginAndSignUpIOS.framework in Frameworks */ = {isa = PBXBuildFile; fileRef = 6814DAA188177A1BE9E48104 /* Pods_LoginAndSignUpIOS.framework */; };
		FCEBDE8BF8380D549532EE12 /* Pods_LoginAndSignUpIOSTests.framework in Frameworks */ = {isa = PBXBuildFile; fileRef = 6AE81AC5CB1ABB9A77259CCA /* Pods_LoginAndSignUpIOSTests.framework */; };
/* End PBXBuildFile section */

/* Begin PBXContainerItemProxy section */
		103A97081D2BE8CD0032A8BC /* PBXContainerItemProxy */ = {
			isa = PBXContainerItemProxy;
			containerPortal = 103A96E61D2BE8CD0032A8BC /* Project object */;
			proxyType = 1;
			remoteGlobalIDString = 103A96ED1D2BE8CD0032A8BC;
			remoteInfo = LoginAndSignUpIOS;
		};
/* End PBXContainerItemProxy section */

/* Begin PBXFileReference section */
		0BA122AC979E5E542B76372F /* Pods-LoginAndSignUpIOSTests.debug.xcconfig */ = {isa = PBXFileReference; includeInIndex = 1; lastKnownFileType = text.xcconfig; name = "Pods-LoginAndSignUpIOSTests.debug.xcconfig"; path = "Pods/Target Support Files/Pods-LoginAndSignUpIOSTests/Pods-LoginAndSignUpIOSTests.debug.xcconfig"; sourceTree = "<group>"; };
		103A96EE1D2BE8CD0032A8BC /* LoginAndSignUpIOS.app */ = {isa = PBXFileReference; explicitFileType = wrapper.application; includeInIndex = 0; path = LoginAndSignUpIOS.app; sourceTree = BUILT_PRODUCTS_DIR; };
		103A96F21D2BE8CD0032A8BC /* Info.plist */ = {isa = PBXFileReference; lastKnownFileType = text.plist.xml; path = Info.plist; sourceTree = "<group>"; };
		103A96F31D2BE8CD0032A8BC /* main.m */ = {isa = PBXFileReference; lastKnownFileType = sourcecode.c.objc; path = main.m; sourceTree = "<group>"; };
		103A96F51D2BE8CD0032A8BC /* AppDelegate.h */ = {isa = PBXFileReference; lastKnownFileType = sourcecode.c.h; path = AppDelegate.h; sourceTree = "<group>"; };
		103A96F61D2BE8CD0032A8BC /* AppDelegate.m */ = {isa = PBXFileReference; lastKnownFileType = sourcecode.c.objc; path = AppDelegate.m; sourceTree = "<group>"; };
		103A96FE1D2BE8CD0032A8BC /* Images.xcassets */ = {isa = PBXFileReference; lastKnownFileType = folder.assetcatalog; path = Images.xcassets; sourceTree = "<group>"; };
		103A97011D2BE8CD0032A8BC /* Base */ = {isa = PBXFileReference; lastKnownFileType = file.xib; name = Base; path = Base.lproj/LaunchScreen.xib; sourceTree = "<group>"; };
		103A97071D2BE8CD0032A8BC /* LoginAndSignUpIOSTests.xctest */ = {isa = PBXFileReference; explicitFileType = wrapper.cfbundle; includeInIndex = 0; path = LoginAndSignUpIOSTests.xctest; sourceTree = BUILT_PRODUCTS_DIR; };
		103A970C1D2BE8CD0032A8BC /* Info.plist */ = {isa = PBXFileReference; lastKnownFileType = text.plist.xml; path = Info.plist; sourceTree = "<group>"; };
		103A970D1D2BE8CD0032A8BC /* LoginAndSignUpIOSTests.m */ = {isa = PBXFileReference; lastKnownFileType = sourcecode.c.objc; path = LoginAndSignUpIOSTests.m; sourceTree = "<group>"; };
		103A971D1D2BEE6C0032A8BC /* LoginVC.h */ = {isa = PBXFileReference; fileEncoding = 4; lastKnownFileType = sourcecode.c.h; path = LoginVC.h; sourceTree = "<group>"; };
		103A971E1D2BEE6C0032A8BC /* LoginVC.m */ = {isa = PBXFileReference; fileEncoding = 4; lastKnownFileType = sourcecode.c.objc; path = LoginVC.m; sourceTree = "<group>"; };
		103A97201D2BF8E30032A8BC /* Main.storyboard */ = {isa = PBXFileReference; fileEncoding = 4; lastKnownFileType = file.storyboard; path = Main.storyboard; sourceTree = "<group>"; };
		103A97221D2C0F5E0032A8BC /* ProfileVC.h */ = {isa = PBXFileReference; fileEncoding = 4; lastKnownFileType = sourcecode.c.h; path = ProfileVC.h; sourceTree = "<group>"; };
		103A97231D2C0F5E0032A8BC /* ProfileVC.m */ = {isa = PBXFileReference; fileEncoding = 4; lastKnownFileType = sourcecode.c.objc; path = ProfileVC.m; sourceTree = "<group>"; };
		103A97251D2C0F6F0032A8BC /* User.h */ = {isa = PBXFileReference; fileEncoding = 4; lastKnownFileType = sourcecode.c.h; path = User.h; sourceTree = "<group>"; };
		103A97261D2C0F6F0032A8BC /* User.m */ = {isa = PBXFileReference; fileEncoding = 4; lastKnownFileType = sourcecode.c.objc; path = User.m; sourceTree = "<group>"; };
		103A97281D2C12B80032A8BC /* CustomRoundButton.h */ = {isa = PBXFileReference; fileEncoding = 4; lastKnownFileType = sourcecode.c.h; path = CustomRoundButton.h; sourceTree = "<group>"; };
		103A97291D2C12B80032A8BC /* CustomRoundButton.m */ = {isa = PBXFileReference; fileEncoding = 4; lastKnownFileType = sourcecode.c.objc; path = CustomRoundButton.m; sourceTree = "<group>"; };
		103A972B1D2C12DB0032A8BC /* CustomerRoundView.h */ = {isa = PBXFileReference; fileEncoding = 4; lastKnownFileType = sourcecode.c.h; path = CustomerRoundView.h; sourceTree = "<group>"; };
		103A972C1D2C12DB0032A8BC /* CustomerRoundView.m */ = {isa = PBXFileReference; fileEncoding = 4; lastKnownFileType = sourcecode.c.objc; path = CustomerRoundView.m; sourceTree = "<group>"; };
		63962A81F9BC188EE11E02F6 /* Pods-LoginAndSignUpIOS.debug.xcconfig */ = {isa = PBXFileReference; includeInIndex = 1; lastKnownFileType = text.xcconfig; name = "Pods-LoginAndSignUpIOS.debug.xcconfig"; path = "Pods/Target Support Files/Pods-LoginAndSignUpIOS/Pods-LoginAndSignUpIOS.debug.xcconfig"; sourceTree = "<group>"; };
		6814DAA188177A1BE9E48104 /* Pods_LoginAndSignUpIOS.framework */ = {isa = PBXFileReference; explicitFileType = wrapper.framework; includeInIndex = 0; path = Pods_LoginAndSignUpIOS.framework; sourceTree = BUILT_PRODUCTS_DIR; };
		6AE81AC5CB1ABB9A77259CCA /* Pods_LoginAndSignUpIOSTests.framework */ = {isa = PBXFileReference; explicitFileType = wrapper.framework; includeInIndex = 0; path = Pods_LoginAndSignUpIOSTests.framework; sourceTree = BUILT_PRODUCTS_DIR; };
		83F7C6FB49E12673384BF863 /* Pods-LoginAndSignUpIOSTests.release.xcconfig */ = {isa = PBXFileReference; includeInIndex = 1; lastKnownFileType = text.xcconfig; name = "Pods-LoginAndSignUpIOSTests.release.xcconfig"; path = "Pods/Target Support Files/Pods-LoginAndSignUpIOSTests/Pods-LoginAndSignUpIOSTests.release.xcconfig"; sourceTree = "<group>"; };
		FF356EFA4929D43696EEBDD3 /* Pods-LoginAndSignUpIOS.release.xcconfig */ = {isa = PBXFileReference; includeInIndex = 1; lastKnownFileType = text.xcconfig; name = "Pods-LoginAndSignUpIOS.release.xcconfig"; path = "Pods/Target Support Files/Pods-LoginAndSignUpIOS/Pods-LoginAndSignUpIOS.release.xcconfig"; sourceTree = "<group>"; };
/* End PBXFileReference section */

/* Begin PBXFrameworksBuildPhase section */
		103A96EB1D2BE8CD0032A8BC /* Frameworks */ = {
			isa = PBXFrameworksBuildPhase;
			buildActionMask = 2147483647;
			files = (
				A9EA1655152D0F43113F8B9F /* Pods_LoginAndSignUpIOS.framework in Frameworks */,
			);
			runOnlyForDeploymentPostprocessing = 0;
		};
		103A97041D2BE8CD0032A8BC /* Frameworks */ = {
			isa = PBXFrameworksBuildPhase;
			buildActionMask = 2147483647;
			files = (
				FCEBDE8BF8380D549532EE12 /* Pods_LoginAndSignUpIOSTests.framework in Frameworks */,
			);
			runOnlyForDeploymentPostprocessing = 0;
		};
/* End PBXFrameworksBuildPhase section */

/* Begin PBXGroup section */
		103A96E51D2BE8CD0032A8BC = {
			isa = PBXGroup;
			children = (
				103A96F01D2BE8CD0032A8BC /* LoginAndSignUpIOS */,
				103A970A1D2BE8CD0032A8BC /* LoginAndSignUpIOSTests */,
				103A96EF1D2BE8CD0032A8BC /* Products */,
				831710C3FB584F4DF0200C33 /* Pods */,
				D2826EE0F9183DE1C1A2A6F5 /* Frameworks */,
			);
			sourceTree = "<group>";
		};
		103A96EF1D2BE8CD0032A8BC /* Products */ = {
			isa = PBXGroup;
			children = (
				103A96EE1D2BE8CD0032A8BC /* LoginAndSignUpIOS.app */,
				103A97071D2BE8CD0032A8BC /* LoginAndSignUpIOSTests.xctest */,
			);
			name = Products;
			sourceTree = "<group>";
		};
		103A96F01D2BE8CD0032A8BC /* LoginAndSignUpIOS */ = {
			isa = PBXGroup;
			children = (
				103A97171D2BEE3D0032A8BC /* Controller */,
				103A97181D2BEE3D0032A8BC /* Model */,
				103A97191D2BEE3D0032A8BC /* View */,
				103A96F51D2BE8CD0032A8BC /* AppDelegate.h */,
				103A96F61D2BE8CD0032A8BC /* AppDelegate.m */,
				103A96FE1D2BE8CD0032A8BC /* Images.xcassets */,
				103A97001D2BE8CD0032A8BC /* LaunchScreen.xib */,
				103A96F11D2BE8CD0032A8BC /* Supporting Files */,
			);
			path = LoginAndSignUpIOS;
			sourceTree = "<group>";
		};
		103A96F11D2BE8CD0032A8BC /* Supporting Files */ = {
			isa = PBXGroup;
			children = (
				103A96F21D2BE8CD0032A8BC /* Info.plist */,
				103A96F31D2BE8CD0032A8BC /* main.m */,
			);
			name = "Supporting Files";
			sourceTree = "<group>";
		};
		103A970A1D2BE8CD0032A8BC /* LoginAndSignUpIOSTests */ = {
			isa = PBXGroup;
			children = (
				103A970D1D2BE8CD0032A8BC /* LoginAndSignUpIOSTests.m */,
				103A970B1D2BE8CD0032A8BC /* Supporting Files */,
			);
			path = LoginAndSignUpIOSTests;
			sourceTree = "<group>";
		};
		103A970B1D2BE8CD0032A8BC /* Supporting Files */ = {
			isa = PBXGroup;
			children = (
				103A970C1D2BE8CD0032A8BC /* Info.plist */,
			);
			name = "Supporting Files";
			sourceTree = "<group>";
		};
		103A97171D2BEE3D0032A8BC /* Controller */ = {
			isa = PBXGroup;
			children = (
				103A971D1D2BEE6C0032A8BC /* LoginVC.h */,
				103A971E1D2BEE6C0032A8BC /* LoginVC.m */,
				103A97221D2C0F5E0032A8BC /* ProfileVC.h */,
				103A97231D2C0F5E0032A8BC /* ProfileVC.m */,
			);
			path = Controller;
			sourceTree = "<group>";
		};
		103A97181D2BEE3D0032A8BC /* Model */ = {
			isa = PBXGroup;
			children = (
				103A97251D2C0F6F0032A8BC /* User.h */,
				103A97261D2C0F6F0032A8BC /* User.m */,
			);
			path = Model;
			sourceTree = "<group>";
		};
		103A97191D2BEE3D0032A8BC /* View */ = {
			isa = PBXGroup;
			children = (
				103A971A1D2BEE3D0032A8BC /* CustomButton */,
				103A971B1D2BEE3D0032A8BC /* CustomView */,
				103A971C1D2BEE3D0032A8BC /* StoryBoard */,
			);
			path = View;
			sourceTree = "<group>";
		};
		103A971A1D2BEE3D0032A8BC /* CustomButton */ = {
			isa = PBXGroup;
			children = (
				103A97281D2C12B80032A8BC /* CustomRoundButton.h */,
				103A97291D2C12B80032A8BC /* CustomRoundButton.m */,
			);
			path = CustomButton;
			sourceTree = "<group>";
		};
		103A971B1D2BEE3D0032A8BC /* CustomView */ = {
			isa = PBXGroup;
			children = (
				103A972B1D2C12DB0032A8BC /* CustomerRoundView.h */,
				103A972C1D2C12DB0032A8BC /* CustomerRoundView.m */,
			);
			path = CustomView;
			sourceTree = "<group>";
		};
		103A971C1D2BEE3D0032A8BC /* StoryBoard */ = {
			isa = PBXGroup;
			children = (
				103A97201D2BF8E30032A8BC /* Main.storyboard */,
			);
			path = StoryBoard;
			sourceTree = "<group>";
		};
		831710C3FB584F4DF0200C33 /* Pods */ = {
			isa = PBXGroup;
			children = (
				63962A81F9BC188EE11E02F6 /* Pods-LoginAndSignUpIOS.debug.xcconfig */,
				FF356EFA4929D43696EEBDD3 /* Pods-LoginAndSignUpIOS.release.xcconfig */,
				0BA122AC979E5E542B76372F /* Pods-LoginAndSignUpIOSTests.debug.xcconfig */,
				83F7C6FB49E12673384BF863 /* Pods-LoginAndSignUpIOSTests.release.xcconfig */,
			);
			name = Pods;
			sourceTree = "<group>";
		};
		D2826EE0F9183DE1C1A2A6F5 /* Frameworks */ = {
			isa = PBXGroup;
			children = (
				6814DAA188177A1BE9E48104 /* Pods_LoginAndSignUpIOS.framework */,
				6AE81AC5CB1ABB9A77259CCA /* Pods_LoginAndSignUpIOSTests.framework */,
			);
			name = Frameworks;
			sourceTree = "<group>";
		};
/* End PBXGroup section */

/* Begin PBXNativeTarget section */
		103A96ED1D2BE8CD0032A8BC /* LoginAndSignUpIOS */ = {
			isa = PBXNativeTarget;
			buildConfigurationList = 103A97111D2BE8CD0032A8BC /* Build configuration list for PBXNativeTarget "LoginAndSignUpIOS" */;
			buildPhases = (
				450F56230C617AF0ADF714EC /* [CP] Check Pods Manifest.lock */,
				103A96EA1D2BE8CD0032A8BC /* Sources */,
				103A96EB1D2BE8CD0032A8BC /* Frameworks */,
				103A96EC1D2BE8CD0032A8BC /* Resources */,
				FA58A3C570A0AB03DB2EAC9F /* [CP] Embed Pods Frameworks */,
				9B6F15A586D099FCCC9602B7 /* [CP] Copy Pods Resources */,
			);
			buildRules = (
			);
			dependencies = (
			);
			name = LoginAndSignUpIOS;
			productName = LoginAndSignUpIOS;
			productReference = 103A96EE1D2BE8CD0032A8BC /* LoginAndSignUpIOS.app */;
			productType = "com.apple.product-type.application";
		};
		103A97061D2BE8CD0032A8BC /* LoginAndSignUpIOSTests */ = {
			isa = PBXNativeTarget;
			buildConfigurationList = 103A97141D2BE8CD0032A8BC /* Build configuration list for PBXNativeTarget "LoginAndSignUpIOSTests" */;
			buildPhases = (
				B4E24C5B698C02842D5A3A97 /* [CP] Check Pods Manifest.lock */,
				103A97031D2BE8CD0032A8BC /* Sources */,
				103A97041D2BE8CD0032A8BC /* Frameworks */,
				103A97051D2BE8CD0032A8BC /* Resources */,
				7640CC7E7580C5854C934B69 /* [CP] Embed Pods Frameworks */,
				0C40AA84CDF8EE1D3D2F6C86 /* [CP] Copy Pods Resources */,
			);
			buildRules = (
			);
			dependencies = (
				103A97091D2BE8CD0032A8BC /* PBXTargetDependency */,
			);
			name = LoginAndSignUpIOSTests;
			productName = LoginAndSignUpIOSTests;
			productReference = 103A97071D2BE8CD0032A8BC /* LoginAndSignUpIOSTests.xctest */;
			productType = "com.apple.product-type.bundle.unit-test";
		};
/* End PBXNativeTarget section */

/* Begin PBXProject section */
		103A96E61D2BE8CD0032A8BC /* Project object */ = {
			isa = PBXProject;
			attributes = {
				LastUpgradeCheck = 0640;
				ORGANIZATIONNAME = LIVSOULIN;
				TargetAttributes = {
					103A96ED1D2BE8CD0032A8BC = {
						CreatedOnToolsVersion = 6.4;
					};
					103A97061D2BE8CD0032A8BC = {
						CreatedOnToolsVersion = 6.4;
						TestTargetID = 103A96ED1D2BE8CD0032A8BC;
					};
				};
			};
			buildConfigurationList = 103A96E91D2BE8CD0032A8BC /* Build configuration list for PBXProject "LoginAndSignUpIOS" */;
			compatibilityVersion = "Xcode 3.2";
			developmentRegion = English;
			hasScannedForEncodings = 0;
			knownRegions = (
				en,
				Base,
			);
			mainGroup = 103A96E51D2BE8CD0032A8BC;
			productRefGroup = 103A96EF1D2BE8CD0032A8BC /* Products */;
			projectDirPath = "";
			projectRoot = "";
			targets = (
				103A96ED1D2BE8CD0032A8BC /* LoginAndSignUpIOS */,
				103A97061D2BE8CD0032A8BC /* LoginAndSignUpIOSTests */,
			);
		};
/* End PBXProject section */

/* Begin PBXResourcesBuildPhase section */
		103A96EC1D2BE8CD0032A8BC /* Resources */ = {
			isa = PBXResourcesBuildPhase;
			buildActionMask = 2147483647;
			files = (
				103A97211D2BF8E30032A8BC /* Main.storyboard in Resources */,
				103A97021D2BE8CD0032A8BC /* LaunchScreen.xib in Resources */,
				103A96FF1D2BE8CD0032A8BC /* Images.xcassets in Resources */,
			);
			runOnlyForDeploymentPostprocessing = 0;
		};
		103A97051D2BE8CD0032A8BC /* Resources */ = {
			isa = PBXResourcesBuildPhase;
			buildActionMask = 2147483647;
			files = (
			);
			runOnlyForDeploymentPostprocessing = 0;
		};
/* End PBXResourcesBuildPhase section */

/* Begin PBXShellScriptBuildPhase section */
		0C40AA84CDF8EE1D3D2F6C86 /* [CP] Copy Pods Resources */ = {
			isa = PBXShellScriptBuildPhase;
			buildActionMask = 2147483647;
			files = (
			);
			inputPaths = (
			);
			name = "[CP] Copy Pods Resources";
			outputPaths = (
			);
			runOnlyForDeploymentPostprocessing = 0;
			shellPath = /bin/sh;
			shellScript = "\"${SRCROOT}/Pods/Target Support Files/Pods-LoginAndSignUpIOSTests/Pods-LoginAndSignUpIOSTests-resources.sh\"\n";
			showEnvVarsInLog = 0;
		};
		450F56230C617AF0ADF714EC /* [CP] Check Pods Manifest.lock */ = {
			isa = PBXShellScriptBuildPhase;
			buildActionMask = 2147483647;
			files = (
			);
			inputPaths = (
			);
			name = "[CP] Check Pods Manifest.lock";
			outputPaths = (
			);
			runOnlyForDeploymentPostprocessing = 0;
			shellPath = /bin/sh;
			shellScript = "diff \"${PODS_ROOT}/../Podfile.lock\" \"${PODS_ROOT}/Manifest.lock\" > /dev/null\nif [[ $? != 0 ]] ; then\n    cat << EOM\nerror: The sandbox is not in sync with the Podfile.lock. Run 'pod install' or update your CocoaPods installation.\nEOM\n    exit 1\nfi\n";
			showEnvVarsInLog = 0;
		};
		7640CC7E7580C5854C934B69 /* [CP] Embed Pods Frameworks */ = {
			isa = PBXShellScriptBuildPhase;
			buildActionMask = 2147483647;
			files = (
			);
			inputPaths = (
			);
			name = "[CP] Embed Pods Frameworks";
			outputPaths = (
			);
			runOnlyForDeploymentPostprocessing = 0;
			shellPath = /bin/sh;
			shellScript = "\"${SRCROOT}/Pods/Target Support Files/Pods-LoginAndSignUpIOSTests/Pods-LoginAndSignUpIOSTests-frameworks.sh\"\n";
			showEnvVarsInLog = 0;
		};
		9B6F15A586D099FCCC9602B7 /* [CP] Copy Pods Resources */ = {
			isa = PBXShellScriptBuildPhase;
			buildActionMask = 2147483647;
			files = (
			);
			inputPaths = (
			);
			name = "[CP] Copy Pods Resources";
			outputPaths = (
			);
			runOnlyForDeploymentPostprocessing = 0;
			shellPath = /bin/sh;
			shellScript = "\"${SRCROOT}/Pods/Target Support Files/Pods-LoginAndSignUpIOS/Pods-LoginAndSignUpIOS-resources.sh\"\n";
			showEnvVarsInLog = 0;
		};
		B4E24C5B698C02842D5A3A97 /* [CP] Check Pods Manifest.lock */ = {
			isa = PBXShellScriptBuildPhase;
			buildActionMask = 2147483647;
			files = (
			);
			inputPaths = (
			);
			name = "[CP] Check Pods Manifest.lock";
			outputPaths = (
			);
			runOnlyForDeploymentPostprocessing = 0;
			shellPath = /bin/sh;
			shellScript = "diff \"${PODS_ROOT}/../Podfile.lock\" \"${PODS_ROOT}/Manifest.lock\" > /dev/null\nif [[ $? != 0 ]] ; then\n    cat << EOM\nerror: The sandbox is not in sync with the Podfile.lock. Run 'pod install' or update your CocoaPods installation.\nEOM\n    exit 1\nfi\n";
			showEnvVarsInLog = 0;
		};
		FA58A3C570A0AB03DB2EAC9F /* [CP] Embed Pods Frameworks */ = {
			isa = PBXShellScriptBuildPhase;
			buildActionMask = 2147483647;
			files = (
			);
			inputPaths = (
			);
			name = "[CP] Embed Pods Frameworks";
			outputPaths = (
			);
			runOnlyForDeploymentPostprocessing = 0;
			shellPath = /bin/sh;
			shellScript = "\"${SRCROOT}/Pods/Target Support Files/Pods-LoginAndSignUpIOS/Pods-LoginAndSignUpIOS-frameworks.sh\"\n";
			showEnvVarsInLog = 0;
		};
/* End PBXShellScriptBuildPhase section */

/* Begin PBXSourcesBuildPhase section */
		103A96EA1D2BE8CD0032A8BC /* Sources */ = {
			isa = PBXSourcesBuildPhase;
			buildActionMask = 2147483647;
			files = (
				103A97271D2C0F6F0032A8BC /* User.m in Sources */,
				103A972D1D2C12DB0032A8BC /* CustomerRoundView.m in Sources */,
				103A97241D2C0F5E0032A8BC /* ProfileVC.m in Sources */,
				103A96F71D2BE8CD0032A8BC /* AppDelegate.m in Sources */,
				103A972A1D2C12B80032A8BC /* CustomRoundButton.m in Sources */,
				103A96F41D2BE8CD0032A8BC /* main.m in Sources */,
				103A971F1D2BEE6C0032A8BC /* LoginVC.m in Sources */,
			);
			runOnlyForDeploymentPostprocessing = 0;
		};
		103A97031D2BE8CD0032A8BC /* Sources */ = {
			isa = PBXSourcesBuildPhase;
			buildActionMask = 2147483647;
			files = (
				103A970E1D2BE8CD0032A8BC /* LoginAndSignUpIOSTests.m in Sources */,
			);
			runOnlyForDeploymentPostprocessing = 0;
		};
/* End PBXSourcesBuildPhase section */

/* Begin PBXTargetDependency section */
		103A97091D2BE8CD0032A8BC /* PBXTargetDependency */ = {
			isa = PBXTargetDependency;
			target = 103A96ED1D2BE8CD0032A8BC /* LoginAndSignUpIOS */;
			targetProxy = 103A97081D2BE8CD0032A8BC /* PBXContainerItemProxy */;
		};
/* End PBXTargetDependency section */

/* Begin PBXVariantGroup section */
		103A97001D2BE8CD0032A8BC /* LaunchScreen.xib */ = {
			isa = PBXVariantGroup;
			children = (
				103A97011D2BE8CD0032A8BC /* Base */,
			);
			name = LaunchScreen.xib;
			sourceTree = "<group>";
		};
/* End PBXVariantGroup section */

/* Begin XCBuildConfiguration section */
		103A970F1D2BE8CD0032A8BC /* Debug */ = {
			isa = XCBuildConfiguration;
			buildSettings = {
				ALWAYS_SEARCH_USER_PATHS = NO;
				CLANG_CXX_LANGUAGE_STANDARD = "gnu++0x";
				CLANG_CXX_LIBRARY = "libc++";
				CLANG_ENABLE_MODULES = YES;
				CLANG_ENABLE_OBJC_ARC = YES;
				CLANG_WARN_BOOL_CONVERSION = YES;
				CLANG_WARN_CONSTANT_CONVERSION = YES;
				CLANG_WARN_DIRECT_OBJC_ISA_USAGE = YES_ERROR;
				CLANG_WARN_EMPTY_BODY = YES;
				CLANG_WARN_ENUM_CONVERSION = YES;
				CLANG_WARN_INT_CONVERSION = YES;
				CLANG_WARN_OBJC_ROOT_CLASS = YES_ERROR;
				CLANG_WARN_UNREACHABLE_CODE = YES;
				CLANG_WARN__DUPLICATE_METHOD_MATCH = YES;
				"CODE_SIGN_IDENTITY[sdk=iphoneos*]" = "iPhone Developer";
				COPY_PHASE_STRIP = NO;
				DEBUG_INFORMATION_FORMAT = "dwarf-with-dsym";
				ENABLE_STRICT_OBJC_MSGSEND = YES;
				GCC_C_LANGUAGE_STANDARD = gnu99;
				GCC_DYNAMIC_NO_PIC = NO;
				GCC_NO_COMMON_BLOCKS = YES;
				GCC_OPTIMIZATION_LEVEL = 0;
				GCC_PREPROCESSOR_DEFINITIONS = (
					"DEBUG=1",
					"$(inherited)",
				);
				GCC_SYMBOLS_PRIVATE_EXTERN = NO;
				GCC_WARN_64_TO_32_BIT_CONVERSION = YES;
				GCC_WARN_ABOUT_RETURN_TYPE = YES_ERROR;
				GCC_WARN_UNDECLARED_SELECTOR = YES;
				GCC_WARN_UNINITIALIZED_AUTOS = YES_AGGRESSIVE;
				GCC_WARN_UNUSED_FUNCTION = YES;
				GCC_WARN_UNUSED_VARIABLE = YES;
				IPHONEOS_DEPLOYMENT_TARGET = 8.4;
				MTL_ENABLE_DEBUG_INFO = YES;
				ONLY_ACTIVE_ARCH = YES;
				SDKROOT = iphoneos;
			};
			name = Debug;
		};
		103A97101D2BE8CD0032A8BC /* Release */ = {
			isa = XCBuildConfiguration;
			buildSettings = {
				ALWAYS_SEARCH_USER_PATHS = NO;
				CLANG_CXX_LANGUAGE_STANDARD = "gnu++0x";
				CLANG_CXX_LIBRARY = "libc++";
				CLANG_ENABLE_MODULES = YES;
				CLANG_ENABLE_OBJC_ARC = YES;
				CLANG_WARN_BOOL_CONVERSION = YES;
				CLANG_WARN_CONSTANT_CONVERSION = YES;
				CLANG_WARN_DIRECT_OBJC_ISA_USAGE = YES_ERROR;
				CLANG_WARN_EMPTY_BODY = YES;
				CLANG_WARN_ENUM_CONVERSION = YES;
				CLANG_WARN_INT_CONVERSION = YES;
				CLANG_WARN_OBJC_ROOT_CLASS = YES_ERROR;
				CLANG_WARN_UNREACHABLE_CODE = YES;
				CLANG_WARN__DUPLICATE_METHOD_MATCH = YES;
				"CODE_SIGN_IDENTITY[sdk=iphoneos*]" = "iPhone Developer";
				COPY_PHASE_STRIP = NO;
				DEBUG_INFORMATION_FORMAT = "dwarf-with-dsym";
				ENABLE_NS_ASSERTIONS = NO;
				ENABLE_STRICT_OBJC_MSGSEND = YES;
				GCC_C_LANGUAGE_STANDARD = gnu99;
				GCC_NO_COMMON_BLOCKS = YES;
				GCC_WARN_64_TO_32_BIT_CONVERSION = YES;
				GCC_WARN_ABOUT_RETURN_TYPE = YES_ERROR;
				GCC_WARN_UNDECLARED_SELECTOR = YES;
				GCC_WARN_UNINITIALIZED_AUTOS = YES_AGGRESSIVE;
				GCC_WARN_UNUSED_FUNCTION = YES;
				GCC_WARN_UNUSED_VARIABLE = YES;
				IPHONEOS_DEPLOYMENT_TARGET = 8.4;
				MTL_ENABLE_DEBUG_INFO = NO;
				SDKROOT = iphoneos;
				VALIDATE_PRODUCT = YES;
			};
			name = Release;
		};
		103A97121D2BE8CD0032A8BC /* Debug */ = {
			isa = XCBuildConfiguration;
			baseConfigurationReference = 63962A81F9BC188EE11E02F6 /* Pods-LoginAndSignUpIOS.debug.xcconfig */;
			buildSettings = {
				ASSETCATALOG_COMPILER_APPICON_NAME = AppIcon;
				INFOPLIST_FILE = LoginAndSignUpIOS/Info.plist;
				LD_RUNPATH_SEARCH_PATHS = "$(inherited) @executable_path/Frameworks";
				PRODUCT_NAME = "$(TARGET_NAME)";
			};
			name = Debug;
		};
		103A97131D2BE8CD0032A8BC /* Release */ = {
			isa = XCBuildConfiguration;
			baseConfigurationReference = FF356EFA4929D43696EEBDD3 /* Pods-LoginAndSignUpIOS.release.xcconfig */;
			buildSettings = {
				ASSETCATALOG_COMPILER_APPICON_NAME = AppIcon;
				INFOPLIST_FILE = LoginAndSignUpIOS/Info.plist;
				LD_RUNPATH_SEARCH_PATHS = "$(inherited) @executable_path/Frameworks";
				PRODUCT_NAME = "$(TARGET_NAME)";
			};
			name = Release;
		};
		103A97151D2BE8CD0032A8BC /* Debug */ = {
			isa = XCBuildConfiguration;
			baseConfigurationReference = 0BA122AC979E5E542B76372F /* Pods-LoginAndSignUpIOSTests.debug.xcconfig */;
			buildSettings = {
				BUNDLE_LOADER = "$(TEST_HOST)";
				FRAMEWORK_SEARCH_PATHS = (
					"$(SDKROOT)/Developer/Library/Frameworks",
					"$(inherited)",
				);
				GCC_PREPROCESSOR_DEFINITIONS = (
					"DEBUG=1",
					"$(inherited)",
				);
				INFOPLIST_FILE = LoginAndSignUpIOSTests/Info.plist;
				LD_RUNPATH_SEARCH_PATHS = "$(inherited) @executable_path/Frameworks @loader_path/Frameworks";
				PRODUCT_NAME = "$(TARGET_NAME)";
				TEST_HOST = "$(BUILT_PRODUCTS_DIR)/LoginAndSignUpIOS.app/LoginAndSignUpIOS";
			};
			name = Debug;
		};
		103A97161D2BE8CD0032A8BC /* Release */ = {
			isa = XCBuildConfiguration;
			baseConfigurationReference = 83F7C6FB49E12673384BF863 /* Pods-LoginAndSignUpIOSTests.release.xcconfig */;
			buildSettings = {
				BUNDLE_LOADER = "$(TEST_HOST)";
				FRAMEWORK_SEARCH_PATHS = (
					"$(SDKROOT)/Developer/Library/Frameworks",
					"$(inherited)",
				);
				INFOPLIST_FILE = LoginAndSignUpIOSTests/Info.plist;
				LD_RUNPATH_SEARCH_PATHS = "$(inherited) @executable_path/Frameworks @loader_path/Frameworks";
				PRODUCT_NAME = "$(TARGET_NAME)";
				TEST_HOST = "$(BUILT_PRODUCTS_DIR)/LoginAndSignUpIOS.app/LoginAndSignUpIOS";
			};
			name = Release;
		};
/* End XCBuildConfiguration section */

/* Begin XCConfigurationList section */
		103A96E91D2BE8CD0032A8BC /* Build configuration list for PBXProject "LoginAndSignUpIOS" */ = {
			isa = XCConfigurationList;
			buildConfigurations = (
				103A970F1D2BE8CD0032A8BC /* Debug */,
				103A97101D2BE8CD0032A8BC /* Release */,
			);
			defaultConfigurationIsVisible = 0;
			defaultConfigurationName = Release;
		};
		103A97111D2BE8CD0032A8BC /* Build configuration list for PBXNativeTarget "LoginAndSignUpIOS" */ = {
			isa = XCConfigurationList;
			buildConfigurations = (
				103A97121D2BE8CD0032A8BC /* Debug */,
				103A97131D2BE8CD0032A8BC /* Release */,
			);
			defaultConfigurationIsVisible = 0;
			defaultConfigurationName = Release;
		};
		103A97141D2BE8CD0032A8BC /* Build configuration list for PBXNativeTarget "LoginAndSignUpIOSTests" */ = {
			isa = XCConfigurationList;
			buildConfigurations = (
				103A97151D2BE8CD0032A8BC /* Debug */,
				103A97161D2BE8CD0032A8BC /* Release */,
			);
			defaultConfigurationIsVisible = 0;
			defaultConfigurationName = Release;
		};
/* End XCConfigurationList section */
	};
	rootObject = 103A96E61D2BE8CD0032A8BC /* Project object */;
}
